
Microsoft Visual Studio Solution File, Format Version 12.00
# Visual Studio Version 17
VisualStudioVersion = 17.10.35013.160
MinimumVisualStudioVersion = 10.0.40219.1
Project("{FAE04EC0-301F-11D3-BF4B-00C04F79EFBC}") = "dz_3_in_1_dotnet", "dz_3_in_1_dotnet\dz_3_in_1_dotnet.csproj", "{37404A51-553B-48B3-8BD0-47A9F627B097}"
EndProject
Global
	GlobalSection(SolutionConfigurationPlatforms) = preSolution
		Debug|Any CPU = Debug|Any CPU
		Release|Any CPU = Release|Any CPU
	EndGlobalSection
	GlobalSection(ProjectConfigurationPlatforms) = postSolution
		{37404A51-553B-48B3-8BD0-47A9F627B097}.Debug|Any CPU.ActiveCfg = Debug|Any CPU
		{37404A51-553B-48B3-8BD0-47A9F627B097}.Debug|Any CPU.Build.0 = Debug|Any CPU
		{37404A51-553B-48B3-8BD0-47A9F627B097}.Release|Any CPU.ActiveCfg = Release|Any CPU
		{37404A51-553B-48B3-8BD0-47A9F627B097}.Release|Any CPU.Build.0 = Release|Any CPU
	EndGlobalSection
	GlobalSection(SolutionProperties) = preSolution
		HideSolutionNode = FALSE
	EndGlobalSection
	GlobalSection(ExtensibilityGlobals) = postSolution
		SolutionGuid = {3E52E36A-C4F5-4912-9E24-6FFFE046856F}
	EndGlobalSection
EndGlobal
